// !$*UTF8*$!
{
	archiveVersion = 1;
	classes = {
	};
	objectVersion = 46;
	objects = {

/* Begin PBXBuildFile section */
		FE66D1311D92FF77004F1324 /* main.cpp in Sources */ = {isa = PBXBuildFile; fileRef = FE66D1301D92FF77004F1324 /* main.cpp */; };
		FE66D1391D930008004F1324 /* State.cpp in Sources */ = {isa = PBXBuildFile; fileRef = FE66D1371D930008004F1324 /* State.cpp */; };
		FE66D13C1D93005C004F1324 /* tools.cpp in Sources */ = {isa = PBXBuildFile; fileRef = FE66D13A1D93005C004F1324 /* tools.cpp */; };
/* End PBXBuildFile section */

/* Begin PBXCopyFilesBuildPhase section */
		FE66D12B1D92FF77004F1324 /* CopyFiles */ = {
			isa = PBXCopyFilesBuildPhase;
			buildActionMask = 2147483647;
			dstPath = /usr/share/man/man1/;
			dstSubfolderSpec = 0;
			files = (
			);
			runOnlyForDeploymentPostprocessing = 1;
		};
/* End PBXCopyFilesBuildPhase section */

/* Begin PBXFileReference section */
		FE66D12D1D92FF77004F1324 /* SudokuHelper */ = {isa = PBXFileReference; explicitFileType = "compiled.mach-o.executable"; includeInIndex = 0; path = SudokuHelper; sourceTree = BUILT_PRODUCTS_DIR; };
		FE66D1301D92FF77004F1324 /* main.cpp */ = {isa = PBXFileReference; lastKnownFileType = sourcecode.cpp.cpp; path = main.cpp; sourceTree = "<group>"; };
		FE66D1371D930008004F1324 /* State.cpp */ = {isa = PBXFileReference; fileEncoding = 4; lastKnownFileType = sourcecode.cpp.cpp; path = State.cpp; sourceTree = "<group>"; };
		FE66D1381D930008004F1324 /* State.hpp */ = {isa = PBXFileReference; fileEncoding = 4; lastKnownFileType = sourcecode.cpp.h; path = State.hpp; sourceTree = "<group>"; };
		FE66D13A1D93005C004F1324 /* tools.cpp */ = {isa = PBXFileReference; fileEncoding = 4; lastKnownFileType = sourcecode.cpp.cpp; path = tools.cpp; sourceTree = "<group>"; };
		FE66D13B1D93005C004F1324 /* tools.hpp */ = {isa = PBXFileReference; fileEncoding = 4; lastKnownFileType = sourcecode.cpp.h; path = tools.hpp; sourceTree = "<group>"; };
/* End PBXFileReference section */

/* Begin PBXFrameworksBuildPhase section */
		FE66D12A1D92FF77004F1324 /* Frameworks */ = {
			isa = PBXFrameworksBuildPhase;
			buildActionMask = 2147483647;
			files = (
			);
			runOnlyForDeploymentPostprocessing = 0;
		};
/* End PBXFrameworksBuildPhase section */

/* Begin PBXGroup section */
		FE66D1241D92FF77004F1324 = {
			isa = PBXGroup;
			children = (
				FE66D12F1D92FF77004F1324 /* SudokuHelper */,
				FE66D12E1D92FF77004F1324 /* Products */,
			);
			sourceTree = "<group>";
		};
		FE66D12E1D92FF77004F1324 /* Products */ = {
			isa = PBXGroup;
			children = (
				FE66D12D1D92FF77004F1324 /* SudokuHelper */,
			);
			name = Products;
			sourceTree = "<group>";
		};
		FE66D12F1D92FF77004F1324 /* SudokuHelper */ = {
			isa = PBXGroup;
			children = (
				FE66D1301D92FF77004F1324 /* main.cpp */,
				FE66D1371D930008004F1324 /* State.cpp */,
				FE66D1381D930008004F1324 /* State.hpp */,
				FE66D13A1D93005C004F1324 /* tools.cpp */,
				FE66D13B1D93005C004F1324 /* tools.hpp */,
			);
			path = SudokuHelper;
			sourceTree = "<group>";
		};
/* End PBXGroup section */

/* Begin PBXNativeTarget section */
		FE66D12C1D92FF77004F1324 /* SudokuHelper */ = {
			isa = PBXNativeTarget;
			buildConfigurationList = FE66D1341D92FF77004F1324 /* Build configuration list for PBXNativeTarget "SudokuHelper" */;
			buildPhases = (
				FE66D1291D92FF77004F1324 /* Sources */,
				FE66D12A1D92FF77004F1324 /* Frameworks */,
				FE66D12B1D92FF77004F1324 /* CopyFiles */,
			);
			buildRules = (
			);
			dependencies = (
			);
			name = SudokuHelper;
			productName = SudokuHelper;
			productReference = FE66D12D1D92FF77004F1324 /* SudokuHelper */;
			productType = "com.apple.product-type.tool";
		};
/* End PBXNativeTarget section */

/* Begin PBXProject section */
		FE66D1251D92FF77004F1324 /* Project object */ = {
			isa = PBXProject;
			attributes = {
				LastUpgradeCheck = 0730;
				ORGANIZATIONNAME = Arianna;
				TargetAttributes = {
					FE66D12C1D92FF77004F1324 = {
						CreatedOnToolsVersion = 7.3.1;
					};
				};
			};
			buildConfigurationList = FE66D1281D92FF77004F1324 /* Build configuration list for PBXProject "SudokuHelper" */;
			compatibilityVersion = "Xcode 3.2";
			developmentRegion = English;
			hasScannedForEncodings = 0;
			knownRegions = (
				en,
			);
			mainGroup = FE66D1241D92FF77004F1324;
			productRefGroup = FE66D12E1D92FF77004F1324 /* Products */;
			projectDirPath = "";
			projectRoot = "";
			targets = (
				FE66D12C1D92FF77004F1324 /* SudokuHelper */,
			);
		};
/* End PBXProject section */

/* Begin PBXSourcesBuildPhase section */
		FE66D1291D92FF77004F1324 /* Sources */ = {
			isa = PBXSourcesBuildPhase;
			buildActionMask = 2147483647;
			files = (
				FE66D1311D92FF77004F1324 /* main.cpp in Sources */,
				FE66D1391D930008004F1324 /* State.cpp in Sources */,
				FE66D13C1D93005C004F1324 /* tools.cpp in Sources */,
			);
			runOnlyForDeploymentPostprocessing = 0;
		};
/* End PBXSourcesBuildPhase section */

/* Begin XCBuildConfiguration section */
		FE66D1321D92FF77004F1324 /* Debug */ = {
			isa = XCBuildConfiguration;
			buildSettings = {
				ALWAYS_SEARCH_USER_PATHS = NO;
				CLANG_ANALYZER_NONNULL = YES;
				CLANG_CXX_LANGUAGE_STANDARD = "gnu++0x";
				CLANG_CXX_LIBRARY = "libc++";
				CLANG_ENABLE_MODULES = YES;
				CLANG_ENABLE_OBJC_ARC = YES;
				CLANG_WARN_BOOL_CONVERSION = YES;
				CLANG_WARN_CONSTANT_CONVERSION = YES;
				CLANG_WARN_DIRECT_OBJC_ISA_USAGE = YES_ERROR;
				CLANG_WARN_EMPTY_BODY = YES;
				CLANG_WARN_ENUM_CONVERSION = YES;
				CLANG_WARN_INT_CONVERSION = YES;
				CLANG_WARN_OBJC_ROOT_CLASS = YES_ERROR;
				CLANG_WARN_UNREACHABLE_CODE = YES;
				CLANG_WARN__DUPLICATE_METHOD_MATCH = YES;
				CODE_SIGN_IDENTITY = "-";
				COPY_PHASE_STRIP = NO;
				DEBUG_INFORMATION_FORMAT = dwarf;
				ENABLE_STRICT_OBJC_MSGSEND = YES;
				ENABLE_TESTABILITY = YES;
				GCC_C_LANGUAGE_STANDARD = gnu99;
				GCC_DYNAMIC_NO_PIC = NO;
				GCC_NO_COMMON_BLOCKS = YES;
				GCC_OPTIMIZATION_LEVEL = 0;
				GCC_PREPROCESSOR_DEFINITIONS = (
					"DEBUG=1",
					"$(inherited)",
				);
				GCC_WARN_64_TO_32_BIT_CONVERSION = YES;
				GCC_WARN_ABOUT_RETURN_TYPE = YES_ERROR;
				GCC_WARN_UNDECLARED_SELECTOR = YES;
				GCC_WARN_UNINITIALIZED_AUTOS = YES_AGGRESSIVE;
				GCC_WARN_UNUSED_FUNCTION = YES;
				GCC_WARN_UNUSED_VARIABLE = YES;
				MACOSX_DEPLOYMENT_TARGET = 10.11;
				MTL_ENABLE_DEBUG_INFO = YES;
				ONLY_ACTIVE_ARCH = YES;
				SDKROOT = macosx;
			};
			name = Debug;
		};
		FE66D1331D92FF77004F1324 /* Release */ = {
			isa = XCBuildConfiguration;
			buildSettings = {
				ALWAYS_SEARCH_USER_PATHS = NO;
				CLANG_ANALYZER_NONNULL = YES;
				CLANG_CXX_LANGUAGE_STANDARD = "gnu++0x";
				CLANG_CXX_LIBRARY = "libc++";
				CLANG_ENABLE_MODULES = YES;
				CLANG_ENABLE_OBJC_ARC = YES;
				CLANG_WARN_BOOL_CONVERSION = YES;
				CLANG_WARN_CONSTANT_CONVERSION = YES;
				CLANG_WARN_DIRECT_OBJC_ISA_USAGE = YES_ERROR;
				CLANG_WARN_EMPTY_BODY = YES;
				CLANG_WARN_ENUM_CONVERSION = YES;
				CLANG_WARN_INT_CONVERSION = YES;
				CLANG_WARN_OBJC_ROOT_CLASS = YES_ERROR;
				CLANG_WARN_UNREACHABLE_CODE = YES;
				CLANG_WARN__DUPLICATE_METHOD_MATCH = YES;
				CODE_SIGN_IDENTITY = "-";
				COPY_PHASE_STRIP = NO;
				DEBUG_INFORMATION_FORMAT = "dwarf-with-dsym";
				ENABLE_NS_ASSERTIONS = NO;
				ENABLE_STRICT_OBJC_MSGSEND = YES;
				GCC_C_LANGUAGE_STANDARD = gnu99;
				GCC_NO_COMMON_BLOCKS = YES;
				GCC_WARN_64_TO_32_BIT_CONVERSION = YES;
				GCC_WARN_ABOUT_RETURN_TYPE = YES_ERROR;
				GCC_WARN_UNDECLARED_SELECTOR = YES;
				GCC_WARN_UNINITIALIZED_AUTOS = YES_AGGRESSIVE;
				GCC_WARN_UNUSED_FUNCTION = YES;
				GCC_WARN_UNUSED_VARIABLE = YES;
				MACOSX_DEPLOYMENT_TARGET = 10.11;
				MTL_ENABLE_DEBUG_INFO = NO;
				SDKROOT = macosx;
			};
			name = Release;
		};
		FE66D1351D92FF77004F1324 /* Debug */ = {
			isa = XCBuildConfiguration;
			buildSettings = {
				PRODUCT_NAME = "$(TARGET_NAME)";
			};
			name = Debug;
		};
		FE66D1361D92FF77004F1324 /* Release */ = {
			isa = XCBuildConfiguration;
			buildSettings = {
				PRODUCT_NAME = "$(TARGET_NAME)";
			};
			name = Release;
		};
/* End XCBuildConfiguration section */

/* Begin XCConfigurationList section */
		FE66D1281D92FF77004F1324 /* Build configuration list for PBXProject "SudokuHelper" */ = {
			isa = XCConfigurationList;
			buildConfigurations = (
				FE66D1321D92FF77004F1324 /* Debug */,
				FE66D1331D92FF77004F1324 /* Release */,
			);
			defaultConfigurationIsVisible = 0;
			defaultConfigurationName = Release;
		};
		FE66D1341D92FF77004F1324 /* Build configuration list for PBXNativeTarget "SudokuHelper" */ = {
			isa = XCConfigurationList;
			buildConfigurations = (
				FE66D1351D92FF77004F1324 /* Debug */,
				FE66D1361D92FF77004F1324 /* Release */,
			);
			defaultConfigurationIsVisible = 0;
		};
/* End XCConfigurationList section */
	};
	rootObject = FE66D1251D92FF77004F1324 /* Project object */;
}
